// !$*UTF8*$!
{
	archiveVersion = 1;
	classes = {
	};
	objectVersion = 56;
	objects = {

/* Begin PBXBuildFile section */
		8243AAEA2A34DE9F00DA8595 /* AppDelegate.swift in Sources */ = {isa = PBXBuildFile; fileRef = 8243AAE92A34DE9F00DA8595 /* AppDelegate.swift */; };
		8243AAEC2A34DE9F00DA8595 /* SceneDelegate.swift in Sources */ = {isa = PBXBuildFile; fileRef = 8243AAEB2A34DE9F00DA8595 /* SceneDelegate.swift */; };
		8243AAEE2A34DE9F00DA8595 /* HomeViewController.swift in Sources */ = {isa = PBXBuildFile; fileRef = 8243AAED2A34DE9F00DA8595 /* HomeViewController.swift */; };
		8243AAF32A34DEA200DA8595 /* Assets.xcassets in Resources */ = {isa = PBXBuildFile; fileRef = 8243AAF22A34DEA200DA8595 /* Assets.xcassets */; };
		8243AAF62A34DEA200DA8595 /* LaunchScreen.storyboard in Resources */ = {isa = PBXBuildFile; fileRef = 8243AAF42A34DEA200DA8595 /* LaunchScreen.storyboard */; };
		8243AB082A34E03400DA8595 /* AuthViewController.swift in Sources */ = {isa = PBXBuildFile; fileRef = 8243AB072A34E03400DA8595 /* AuthViewController.swift */; };
		8243AB0A2A34E04C00DA8595 /* WelcomeViewController.swift in Sources */ = {isa = PBXBuildFile; fileRef = 8243AB092A34E04C00DA8595 /* WelcomeViewController.swift */; };
		8243AB0C2A34E06300DA8595 /* SettingsViewController.swift in Sources */ = {isa = PBXBuildFile; fileRef = 8243AB0B2A34E06300DA8595 /* SettingsViewController.swift */; };
		8243AB0E2A34E07000DA8595 /* ProfileViewController.swift in Sources */ = {isa = PBXBuildFile; fileRef = 8243AB0D2A34E07000DA8595 /* ProfileViewController.swift */; };
		8243AB102A34E08200DA8595 /* PlayListViewController.swift in Sources */ = {isa = PBXBuildFile; fileRef = 8243AB0F2A34E08200DA8595 /* PlayListViewController.swift */; };
		8243AB122A34E09200DA8595 /* PlayerViewController.swift in Sources */ = {isa = PBXBuildFile; fileRef = 8243AB112A34E09200DA8595 /* PlayerViewController.swift */; };
		8243AB152A34E0AA00DA8595 /* SearchViewController.swift in Sources */ = {isa = PBXBuildFile; fileRef = 8243AB142A34E0AA00DA8595 /* SearchViewController.swift */; };
		8243AB1B2A34E6BB00DA8595 /* TabBarViewController.swift in Sources */ = {isa = PBXBuildFile; fileRef = 8243AB1A2A34E6BB00DA8595 /* TabBarViewController.swift */; };
		8243AB1F2A34E72300DA8595 /* LibraryViewController.swift in Sources */ = {isa = PBXBuildFile; fileRef = 8243AB1E2A34E72300DA8595 /* LibraryViewController.swift */; };
		8243AB212A34E76D00DA8595 /* SearchResultViewController.swift in Sources */ = {isa = PBXBuildFile; fileRef = 8243AB202A34E76D00DA8595 /* SearchResultViewController.swift */; };
		8243AB232A34E79000DA8595 /* AuthManager.swift in Sources */ = {isa = PBXBuildFile; fileRef = 8243AB222A34E79000DA8595 /* AuthManager.swift */; };
		8243AB252A34E7A300DA8595 /* APICaller.swift in Sources */ = {isa = PBXBuildFile; fileRef = 8243AB242A34E7A300DA8595 /* APICaller.swift */; };
		8243AB272A34E7BA00DA8595 /* HapticsManager.swift in Sources */ = {isa = PBXBuildFile; fileRef = 8243AB262A34E7BA00DA8595 /* HapticsManager.swift */; };
		8243AB292A34E7D600DA8595 /* PlayList.swift in Sources */ = {isa = PBXBuildFile; fileRef = 8243AB282A34E7D600DA8595 /* PlayList.swift */; };
		8243AB2B2A34E7E600DA8595 /* AudioTrack.swift in Sources */ = {isa = PBXBuildFile; fileRef = 8243AB2A2A34E7E600DA8595 /* AudioTrack.swift */; };
		8243AB2D2A34E7F300DA8595 /* Artists.swift in Sources */ = {isa = PBXBuildFile; fileRef = 8243AB2C2A34E7F300DA8595 /* Artists.swift */; };
		8243AB2F2A34E7FE00DA8595 /* UserProfile.swift in Sources */ = {isa = PBXBuildFile; fileRef = 8243AB2E2A34E7FE00DA8595 /* UserProfile.swift */; };
		8243AB312A350B1900DA8595 /* Constant.swift in Sources */ = {isa = PBXBuildFile; fileRef = 8243AB302A350B1900DA8595 /* Constant.swift */; };
		8243AB332A350FAD00DA8595 /* Extension.swift in Sources */ = {isa = PBXBuildFile; fileRef = 8243AB322A350FAD00DA8595 /* Extension.swift */; };
		8266228F2A3CD46100EEDBF7 /* SettingsModel.swift in Sources */ = {isa = PBXBuildFile; fileRef = 8266228E2A3CD46100EEDBF7 /* SettingsModel.swift */; };
		82AB366D2A35C285000E538C /* AuthResponse.swift in Sources */ = {isa = PBXBuildFile; fileRef = 82AB366C2A35C285000E538C /* AuthResponse.swift */; };
		ACE692317093715974D304AB /* Pods_Spotify.framework in Frameworks */ = {isa = PBXBuildFile; fileRef = 19306F40ACB014D2D182BC9D /* Pods_Spotify.framework */; };
/* End PBXBuildFile section */

/* Begin PBXFileReference section */
		19306F40ACB014D2D182BC9D /* Pods_Spotify.framework */ = {isa = PBXFileReference; explicitFileType = wrapper.framework; includeInIndex = 0; path = Pods_Spotify.framework; sourceTree = BUILT_PRODUCTS_DIR; };
		8243AAE62A34DE9F00DA8595 /* Spotify.app */ = {isa = PBXFileReference; explicitFileType = wrapper.application; includeInIndex = 0; path = Spotify.app; sourceTree = BUILT_PRODUCTS_DIR; };
		8243AAE92A34DE9F00DA8595 /* AppDelegate.swift */ = {isa = PBXFileReference; lastKnownFileType = sourcecode.swift; path = AppDelegate.swift; sourceTree = "<group>"; };
		8243AAEB2A34DE9F00DA8595 /* SceneDelegate.swift */ = {isa = PBXFileReference; lastKnownFileType = sourcecode.swift; path = SceneDelegate.swift; sourceTree = "<group>"; };
		8243AAED2A34DE9F00DA8595 /* HomeViewController.swift */ = {isa = PBXFileReference; lastKnownFileType = sourcecode.swift; path = HomeViewController.swift; sourceTree = "<group>"; };
		8243AAF22A34DEA200DA8595 /* Assets.xcassets */ = {isa = PBXFileReference; lastKnownFileType = folder.assetcatalog; path = Assets.xcassets; sourceTree = "<group>"; };
		8243AAF52A34DEA200DA8595 /* Base */ = {isa = PBXFileReference; lastKnownFileType = file.storyboard; name = Base; path = Base.lproj/LaunchScreen.storyboard; sourceTree = "<group>"; };
		8243AAF72A34DEA200DA8595 /* Info.plist */ = {isa = PBXFileReference; lastKnownFileType = text.plist.xml; path = Info.plist; sourceTree = "<group>"; };
		8243AB072A34E03400DA8595 /* AuthViewController.swift */ = {isa = PBXFileReference; lastKnownFileType = sourcecode.swift; path = AuthViewController.swift; sourceTree = "<group>"; };
		8243AB092A34E04C00DA8595 /* WelcomeViewController.swift */ = {isa = PBXFileReference; lastKnownFileType = sourcecode.swift; path = WelcomeViewController.swift; sourceTree = "<group>"; };
		8243AB0B2A34E06300DA8595 /* SettingsViewController.swift */ = {isa = PBXFileReference; lastKnownFileType = sourcecode.swift; path = SettingsViewController.swift; sourceTree = "<group>"; };
		8243AB0D2A34E07000DA8595 /* ProfileViewController.swift */ = {isa = PBXFileReference; lastKnownFileType = sourcecode.swift; path = ProfileViewController.swift; sourceTree = "<group>"; };
		8243AB0F2A34E08200DA8595 /* PlayListViewController.swift */ = {isa = PBXFileReference; lastKnownFileType = sourcecode.swift; path = PlayListViewController.swift; sourceTree = "<group>"; };
		8243AB112A34E09200DA8595 /* PlayerViewController.swift */ = {isa = PBXFileReference; lastKnownFileType = sourcecode.swift; path = PlayerViewController.swift; sourceTree = "<group>"; };
		8243AB142A34E0AA00DA8595 /* SearchViewController.swift */ = {isa = PBXFileReference; lastKnownFileType = sourcecode.swift; path = SearchViewController.swift; sourceTree = "<group>"; };
		8243AB1A2A34E6BB00DA8595 /* TabBarViewController.swift */ = {isa = PBXFileReference; lastKnownFileType = sourcecode.swift; path = TabBarViewController.swift; sourceTree = "<group>"; };
		8243AB1E2A34E72300DA8595 /* LibraryViewController.swift */ = {isa = PBXFileReference; lastKnownFileType = sourcecode.swift; path = LibraryViewController.swift; sourceTree = "<group>"; };
		8243AB202A34E76D00DA8595 /* SearchResultViewController.swift */ = {isa = PBXFileReference; lastKnownFileType = sourcecode.swift; path = SearchResultViewController.swift; sourceTree = "<group>"; };
		8243AB222A34E79000DA8595 /* AuthManager.swift */ = {isa = PBXFileReference; lastKnownFileType = sourcecode.swift; path = AuthManager.swift; sourceTree = "<group>"; };
		8243AB242A34E7A300DA8595 /* APICaller.swift */ = {isa = PBXFileReference; lastKnownFileType = sourcecode.swift; path = APICaller.swift; sourceTree = "<group>"; };
		8243AB262A34E7BA00DA8595 /* HapticsManager.swift */ = {isa = PBXFileReference; lastKnownFileType = sourcecode.swift; path = HapticsManager.swift; sourceTree = "<group>"; };
		8243AB282A34E7D600DA8595 /* PlayList.swift */ = {isa = PBXFileReference; lastKnownFileType = sourcecode.swift; path = PlayList.swift; sourceTree = "<group>"; };
		8243AB2A2A34E7E600DA8595 /* AudioTrack.swift */ = {isa = PBXFileReference; lastKnownFileType = sourcecode.swift; path = AudioTrack.swift; sourceTree = "<group>"; };
		8243AB2C2A34E7F300DA8595 /* Artists.swift */ = {isa = PBXFileReference; lastKnownFileType = sourcecode.swift; path = Artists.swift; sourceTree = "<group>"; };
		8243AB2E2A34E7FE00DA8595 /* UserProfile.swift */ = {isa = PBXFileReference; lastKnownFileType = sourcecode.swift; path = UserProfile.swift; sourceTree = "<group>"; };
		8243AB302A350B1900DA8595 /* Constant.swift */ = {isa = PBXFileReference; lastKnownFileType = sourcecode.swift; path = Constant.swift; sourceTree = "<group>"; };
		8243AB322A350FAD00DA8595 /* Extension.swift */ = {isa = PBXFileReference; lastKnownFileType = sourcecode.swift; path = Extension.swift; sourceTree = "<group>"; };
		8266228E2A3CD46100EEDBF7 /* SettingsModel.swift */ = {isa = PBXFileReference; lastKnownFileType = sourcecode.swift; path = SettingsModel.swift; sourceTree = "<group>"; };
		82AB366C2A35C285000E538C /* AuthResponse.swift */ = {isa = PBXFileReference; lastKnownFileType = sourcecode.swift; path = AuthResponse.swift; sourceTree = "<group>"; };
		A882B72D141121D1799D0067 /* Pods-Spotify.release.xcconfig */ = {isa = PBXFileReference; includeInIndex = 1; lastKnownFileType = text.xcconfig; name = "Pods-Spotify.release.xcconfig"; path = "Target Support Files/Pods-Spotify/Pods-Spotify.release.xcconfig"; sourceTree = "<group>"; };
		D3B87434BFBDAD6917990392 /* Pods-Spotify.debug.xcconfig */ = {isa = PBXFileReference; includeInIndex = 1; lastKnownFileType = text.xcconfig; name = "Pods-Spotify.debug.xcconfig"; path = "Target Support Files/Pods-Spotify/Pods-Spotify.debug.xcconfig"; sourceTree = "<group>"; };
/* End PBXFileReference section */

/* Begin PBXFrameworksBuildPhase section */
		8243AAE32A34DE9F00DA8595 /* Frameworks */ = {
			isa = PBXFrameworksBuildPhase;
			buildActionMask = 2147483647;
			files = (
				ACE692317093715974D304AB /* Pods_Spotify.framework in Frameworks */,
			);
			runOnlyForDeploymentPostprocessing = 0;
		};
/* End PBXFrameworksBuildPhase section */

/* Begin PBXGroup section */
		0D338E32D29CC32875EB0F9C /* Pods */ = {
			isa = PBXGroup;
			children = (
				D3B87434BFBDAD6917990392 /* Pods-Spotify.debug.xcconfig */,
				A882B72D141121D1799D0067 /* Pods-Spotify.release.xcconfig */,
			);
			path = Pods;
			sourceTree = "<group>";
		};
		647B399DE8D340C7D9813768 /* Frameworks */ = {
			isa = PBXGroup;
			children = (
				19306F40ACB014D2D182BC9D /* Pods_Spotify.framework */,
			);
			name = Frameworks;
			sourceTree = "<group>";
		};
		8243AADD2A34DE9F00DA8595 = {
			isa = PBXGroup;
			children = (
				8243AAE82A34DE9F00DA8595 /* Spotify */,
				8243AAE72A34DE9F00DA8595 /* Products */,
				0D338E32D29CC32875EB0F9C /* Pods */,
				647B399DE8D340C7D9813768 /* Frameworks */,
			);
			sourceTree = "<group>";
		};
		8243AAE72A34DE9F00DA8595 /* Products */ = {
			isa = PBXGroup;
			children = (
				8243AAE62A34DE9F00DA8595 /* Spotify.app */,
			);
			name = Products;
			sourceTree = "<group>";
		};
		8243AAE82A34DE9F00DA8595 /* Spotify */ = {
			isa = PBXGroup;
			children = (
				8243AB062A34DFAB00DA8595 /* ViewModels */,
				8243AB052A34DF9F00DA8595 /* Views */,
				8243AB022A34DF8200DA8595 /* Controllers */,
				8243AB012A34DF7200DA8595 /* Resources */,
				8243AB002A34DF6700DA8595 /* Models */,
				8243AAFF2A34DF5400DA8595 /* Managers */,
				8243AAF72A34DEA200DA8595 /* Info.plist */,
			);
			path = Spotify;
			sourceTree = "<group>";
		};
		8243AAFF2A34DF5400DA8595 /* Managers */ = {
			isa = PBXGroup;
			children = (
				8243AB222A34E79000DA8595 /* AuthManager.swift */,
				8243AB242A34E7A300DA8595 /* APICaller.swift */,
				8243AB262A34E7BA00DA8595 /* HapticsManager.swift */,
			);
			path = Managers;
			sourceTree = "<group>";
		};
		8243AB002A34DF6700DA8595 /* Models */ = {
			isa = PBXGroup;
			children = (
				8243AB282A34E7D600DA8595 /* PlayList.swift */,
				8243AB2A2A34E7E600DA8595 /* AudioTrack.swift */,
				8243AB2C2A34E7F300DA8595 /* Artists.swift */,
				8243AB2E2A34E7FE00DA8595 /* UserProfile.swift */,
				82AB366C2A35C285000E538C /* AuthResponse.swift */,
				8266228E2A3CD46100EEDBF7 /* SettingsModel.swift */,
			);
			path = Models;
			sourceTree = "<group>";
		};
		8243AB012A34DF7200DA8595 /* Resources */ = {
			isa = PBXGroup;
			children = (
				8243AAE92A34DE9F00DA8595 /* AppDelegate.swift */,
				8243AAEB2A34DE9F00DA8595 /* SceneDelegate.swift */,
				8243AAF22A34DEA200DA8595 /* Assets.xcassets */,
				8243AB302A350B1900DA8595 /* Constant.swift */,
				8243AB322A350FAD00DA8595 /* Extension.swift */,
			);
			path = Resources;
			sourceTree = "<group>";
		};
		8243AB022A34DF8200DA8595 /* Controllers */ = {
			isa = PBXGroup;
			children = (
				8243AB042A34DF9400DA8595 /* Core */,
				8243AB032A34DF8A00DA8595 /* Other */,
			);
			path = Controllers;
			sourceTree = "<group>";
		};
		8243AB032A34DF8A00DA8595 /* Other */ = {
			isa = PBXGroup;
			children = (
				8243AB072A34E03400DA8595 /* AuthViewController.swift */,
				8243AB092A34E04C00DA8595 /* WelcomeViewController.swift */,
				8243AB0B2A34E06300DA8595 /* SettingsViewController.swift */,
				8243AB0D2A34E07000DA8595 /* ProfileViewController.swift */,
				8243AB0F2A34E08200DA8595 /* PlayListViewController.swift */,
				8243AB112A34E09200DA8595 /* PlayerViewController.swift */,
				8243AB202A34E76D00DA8595 /* SearchResultViewController.swift */,
			);
			path = Other;
			sourceTree = "<group>";
		};
		8243AB042A34DF9400DA8595 /* Core */ = {
			isa = PBXGroup;
			children = (
				8243AB1A2A34E6BB00DA8595 /* TabBarViewController.swift */,
				8243AAED2A34DE9F00DA8595 /* HomeViewController.swift */,
				8243AB142A34E0AA00DA8595 /* SearchViewController.swift */,
				8243AB1E2A34E72300DA8595 /* LibraryViewController.swift */,
			);
			path = Core;
			sourceTree = "<group>";
		};
		8243AB052A34DF9F00DA8595 /* Views */ = {
			isa = PBXGroup;
			children = (
				8243AAF42A34DEA200DA8595 /* LaunchScreen.storyboard */,
			);
			path = Views;
			sourceTree = "<group>";
		};
		8243AB062A34DFAB00DA8595 /* ViewModels */ = {
			isa = PBXGroup;
			children = (
			);
			path = ViewModels;
			sourceTree = "<group>";
		};
/* End PBXGroup section */

/* Begin PBXNativeTarget section */
		8243AAE52A34DE9F00DA8595 /* Spotify */ = {
			isa = PBXNativeTarget;
			buildConfigurationList = 8243AAFA2A34DEA200DA8595 /* Build configuration list for PBXNativeTarget "Spotify" */;
			buildPhases = (
				4EC322056EACA5B132691595 /* [CP] Check Pods Manifest.lock */,
				8243AAE22A34DE9F00DA8595 /* Sources */,
				8243AAE32A34DE9F00DA8595 /* Frameworks */,
				8243AAE42A34DE9F00DA8595 /* Resources */,
				3FBB58237037F662DFF66D72 /* [CP] Embed Pods Frameworks */,
			);
			buildRules = (
			);
			dependencies = (
			);
			name = Spotify;
			productName = Spotify;
			productReference = 8243AAE62A34DE9F00DA8595 /* Spotify.app */;
			productType = "com.apple.product-type.application";
		};
/* End PBXNativeTarget section */

/* Begin PBXProject section */
		8243AADE2A34DE9F00DA8595 /* Project object */ = {
			isa = PBXProject;
			attributes = {
				BuildIndependentTargetsInParallel = 1;
				LastSwiftUpdateCheck = 1430;
				LastUpgradeCheck = 1430;
				TargetAttributes = {
					8243AAE52A34DE9F00DA8595 = {
						CreatedOnToolsVersion = 14.3.1;
					};
				};
			};
			buildConfigurationList = 8243AAE12A34DE9F00DA8595 /* Build configuration list for PBXProject "Spotify" */;
			compatibilityVersion = "Xcode 14.0";
			developmentRegion = en;
			hasScannedForEncodings = 0;
			knownRegions = (
				en,
				Base,
			);
			mainGroup = 8243AADD2A34DE9F00DA8595;
			productRefGroup = 8243AAE72A34DE9F00DA8595 /* Products */;
			projectDirPath = "";
			projectRoot = "";
			targets = (
				8243AAE52A34DE9F00DA8595 /* Spotify */,
			);
		};
/* End PBXProject section */

/* Begin PBXResourcesBuildPhase section */
		8243AAE42A34DE9F00DA8595 /* Resources */ = {
			isa = PBXResourcesBuildPhase;
			buildActionMask = 2147483647;
			files = (
				8243AAF62A34DEA200DA8595 /* LaunchScreen.storyboard in Resources */,
				8243AAF32A34DEA200DA8595 /* Assets.xcassets in Resources */,
			);
			runOnlyForDeploymentPostprocessing = 0;
		};
/* End PBXResourcesBuildPhase section */

/* Begin PBXShellScriptBuildPhase section */
		3FBB58237037F662DFF66D72 /* [CP] Embed Pods Frameworks */ = {
			isa = PBXShellScriptBuildPhase;
			buildActionMask = 2147483647;
			files = (
			);
			inputFileListPaths = (
				"${PODS_ROOT}/Target Support Files/Pods-Spotify/Pods-Spotify-frameworks-${CONFIGURATION}-input-files.xcfilelist",
			);
			name = "[CP] Embed Pods Frameworks";
			outputFileListPaths = (
				"${PODS_ROOT}/Target Support Files/Pods-Spotify/Pods-Spotify-frameworks-${CONFIGURATION}-output-files.xcfilelist",
			);
			runOnlyForDeploymentPostprocessing = 0;
			shellPath = /bin/sh;
			shellScript = "\"${PODS_ROOT}/Target Support Files/Pods-Spotify/Pods-Spotify-frameworks.sh\"\n";
			showEnvVarsInLog = 0;
		};
		4EC322056EACA5B132691595 /* [CP] Check Pods Manifest.lock */ = {
			isa = PBXShellScriptBuildPhase;
			buildActionMask = 2147483647;
			files = (
			);
			inputFileListPaths = (
			);
			inputPaths = (
				"${PODS_PODFILE_DIR_PATH}/Podfile.lock",
				"${PODS_ROOT}/Manifest.lock",
			);
			name = "[CP] Check Pods Manifest.lock";
			outputFileListPaths = (
			);
			outputPaths = (
				"$(DERIVED_FILE_DIR)/Pods-Spotify-checkManifestLockResult.txt",
			);
			runOnlyForDeploymentPostprocessing = 0;
			shellPath = /bin/sh;
			shellScript = "diff \"${PODS_PODFILE_DIR_PATH}/Podfile.lock\" \"${PODS_ROOT}/Manifest.lock\" > /dev/null\nif [ $? != 0 ] ; then\n    # print error to STDERR\n    echo \"error: The sandbox is not in sync with the Podfile.lock. Run 'pod install' or update your CocoaPods installation.\" >&2\n    exit 1\nfi\n# This output is used by Xcode 'outputs' to avoid re-running this script phase.\necho \"SUCCESS\" > \"${SCRIPT_OUTPUT_FILE_0}\"\n";
			showEnvVarsInLog = 0;
		};
/* End PBXShellScriptBuildPhase section */

/* Begin PBXSourcesBuildPhase section */
		8243AAE22A34DE9F00DA8595 /* Sources */ = {
			isa = PBXSourcesBuildPhase;
			buildActionMask = 2147483647;
			files = (
				8266228F2A3CD46100EEDBF7 /* SettingsModel.swift in Sources */,
				8243AB152A34E0AA00DA8595 /* SearchViewController.swift in Sources */,
				8243AB232A34E79000DA8595 /* AuthManager.swift in Sources */,
				8243AB102A34E08200DA8595 /* PlayListViewController.swift in Sources */,
				8243AB1B2A34E6BB00DA8595 /* TabBarViewController.swift in Sources */,
				8243AB082A34E03400DA8595 /* AuthViewController.swift in Sources */,
				8243AB0A2A34E04C00DA8595 /* WelcomeViewController.swift in Sources */,
				8243AB2D2A34E7F300DA8595 /* Artists.swift in Sources */,
				8243AB272A34E7BA00DA8595 /* HapticsManager.swift in Sources */,
				8243AAEE2A34DE9F00DA8595 /* HomeViewController.swift in Sources */,
				8243AB2B2A34E7E600DA8595 /* AudioTrack.swift in Sources */,
				8243AAEA2A34DE9F00DA8595 /* AppDelegate.swift in Sources */,
				8243AB292A34E7D600DA8595 /* PlayList.swift in Sources */,
				8243AB2F2A34E7FE00DA8595 /* UserProfile.swift in Sources */,
				8243AB122A34E09200DA8595 /* PlayerViewController.swift in Sources */,
				8243AB312A350B1900DA8595 /* Constant.swift in Sources */,
				8243AB332A350FAD00DA8595 /* Extension.swift in Sources */,
				8243AB0E2A34E07000DA8595 /* ProfileViewController.swift in Sources */,
				8243AAEC2A34DE9F00DA8595 /* SceneDelegate.swift in Sources */,
				8243AB1F2A34E72300DA8595 /* LibraryViewController.swift in Sources */,
				8243AB212A34E76D00DA8595 /* SearchResultViewController.swift in Sources */,
				8243AB252A34E7A300DA8595 /* APICaller.swift in Sources */,
				82AB366D2A35C285000E538C /* AuthResponse.swift in Sources */,
				8243AB0C2A34E06300DA8595 /* SettingsViewController.swift in Sources */,
			);
			runOnlyForDeploymentPostprocessing = 0;
		};
/* End PBXSourcesBuildPhase section */

/* Begin PBXVariantGroup section */
		8243AAF42A34DEA200DA8595 /* LaunchScreen.storyboard */ = {
			isa = PBXVariantGroup;
			children = (
				8243AAF52A34DEA200DA8595 /* Base */,
			);
			name = LaunchScreen.storyboard;
			sourceTree = "<group>";
		};
/* End PBXVariantGroup section */

/* Begin XCBuildConfiguration section */
		8243AAF82A34DEA200DA8595 /* Debug */ = {
			isa = XCBuildConfiguration;
			buildSettings = {
				ALWAYS_SEARCH_USER_PATHS = NO;
				CLANG_ANALYZER_NONNULL = YES;
				CLANG_ANALYZER_NUMBER_OBJECT_CONVERSION = YES_AGGRESSIVE;
				CLANG_CXX_LANGUAGE_STANDARD = "gnu++20";
				CLANG_ENABLE_MODULES = YES;
				CLANG_ENABLE_OBJC_ARC = YES;
				CLANG_ENABLE_OBJC_WEAK = YES;
				CLANG_WARN_BLOCK_CAPTURE_AUTORELEASING = YES;
				CLANG_WARN_BOOL_CONVERSION = YES;
				CLANG_WARN_COMMA = YES;
				CLANG_WARN_CONSTANT_CONVERSION = YES;
				CLANG_WARN_DEPRECATED_OBJC_IMPLEMENTATIONS = YES;
				CLANG_WARN_DIRECT_OBJC_ISA_USAGE = YES_ERROR;
				CLANG_WARN_DOCUMENTATION_COMMENTS = YES;
				CLANG_WARN_EMPTY_BODY = YES;
				CLANG_WARN_ENUM_CONVERSION = YES;
				CLANG_WARN_INFINITE_RECURSION = YES;
				CLANG_WARN_INT_CONVERSION = YES;
				CLANG_WARN_NON_LITERAL_NULL_CONVERSION = YES;
				CLANG_WARN_OBJC_IMPLICIT_RETAIN_SELF = YES;
				CLANG_WARN_OBJC_LITERAL_CONVERSION = YES;
				CLANG_WARN_OBJC_ROOT_CLASS = YES_ERROR;
				CLANG_WARN_QUOTED_INCLUDE_IN_FRAMEWORK_HEADER = YES;
				CLANG_WARN_RANGE_LOOP_ANALYSIS = YES;
				CLANG_WARN_STRICT_PROTOTYPES = YES;
				CLANG_WARN_SUSPICIOUS_MOVE = YES;
				CLANG_WARN_UNGUARDED_AVAILABILITY = YES_AGGRESSIVE;
				CLANG_WARN_UNREACHABLE_CODE = YES;
				CLANG_WARN__DUPLICATE_METHOD_MATCH = YES;
				COPY_PHASE_STRIP = NO;
				DEBUG_INFORMATION_FORMAT = dwarf;
				ENABLE_STRICT_OBJC_MSGSEND = YES;
				ENABLE_TESTABILITY = YES;
				GCC_C_LANGUAGE_STANDARD = gnu11;
				GCC_DYNAMIC_NO_PIC = NO;
				GCC_NO_COMMON_BLOCKS = YES;
				GCC_OPTIMIZATION_LEVEL = 0;
				GCC_PREPROCESSOR_DEFINITIONS = (
					"DEBUG=1",
					"$(inherited)",
				);
				GCC_WARN_64_TO_32_BIT_CONVERSION = YES;
				GCC_WARN_ABOUT_RETURN_TYPE = YES_ERROR;
				GCC_WARN_UNDECLARED_SELECTOR = YES;
				GCC_WARN_UNINITIALIZED_AUTOS = YES_AGGRESSIVE;
				GCC_WARN_UNUSED_FUNCTION = YES;
				GCC_WARN_UNUSED_VARIABLE = YES;
				IPHONEOS_DEPLOYMENT_TARGET = 16.4;
				MTL_ENABLE_DEBUG_INFO = INCLUDE_SOURCE;
				MTL_FAST_MATH = YES;
				ONLY_ACTIVE_ARCH = YES;
				SDKROOT = iphoneos;
				SWIFT_ACTIVE_COMPILATION_CONDITIONS = DEBUG;
				SWIFT_OPTIMIZATION_LEVEL = "-Onone";
			};
			name = Debug;
		};
		8243AAF92A34DEA200DA8595 /* Release */ = {
			isa = XCBuildConfiguration;
			buildSettings = {
				ALWAYS_SEARCH_USER_PATHS = NO;
				CLANG_ANALYZER_NONNULL = YES;
				CLANG_ANALYZER_NUMBER_OBJECT_CONVERSION = YES_AGGRESSIVE;
				CLANG_CXX_LANGUAGE_STANDARD = "gnu++20";
				CLANG_ENABLE_MODULES = YES;
				CLANG_ENABLE_OBJC_ARC = YES;
				CLANG_ENABLE_OBJC_WEAK = YES;
				CLANG_WARN_BLOCK_CAPTURE_AUTORELEASING = YES;
				CLANG_WARN_BOOL_CONVERSION = YES;
				CLANG_WARN_COMMA = YES;
				CLANG_WARN_CONSTANT_CONVERSION = YES;
				CLANG_WARN_DEPRECATED_OBJC_IMPLEMENTATIONS = YES;
				CLANG_WARN_DIRECT_OBJC_ISA_USAGE = YES_ERROR;
				CLANG_WARN_DOCUMENTATION_COMMENTS = YES;
				CLANG_WARN_EMPTY_BODY = YES;
				CLANG_WARN_ENUM_CONVERSION = YES;
				CLANG_WARN_INFINITE_RECURSION = YES;
				CLANG_WARN_INT_CONVERSION = YES;
				CLANG_WARN_NON_LITERAL_NULL_CONVERSION = YES;
				CLANG_WARN_OBJC_IMPLICIT_RETAIN_SELF = YES;
				CLANG_WARN_OBJC_LITERAL_CONVERSION = YES;
				CLANG_WARN_OBJC_ROOT_CLASS = YES_ERROR;
				CLANG_WARN_QUOTED_INCLUDE_IN_FRAMEWORK_HEADER = YES;
				CLANG_WARN_RANGE_LOOP_ANALYSIS = YES;
				CLANG_WARN_STRICT_PROTOTYPES = YES;
				CLANG_WARN_SUSPICIOUS_MOVE = YES;
				CLANG_WARN_UNGUARDED_AVAILABILITY = YES_AGGRESSIVE;
				CLANG_WARN_UNREACHABLE_CODE = YES;
				CLANG_WARN__DUPLICATE_METHOD_MATCH = YES;
				COPY_PHASE_STRIP = NO;
				DEBUG_INFORMATION_FORMAT = "dwarf-with-dsym";
				ENABLE_NS_ASSERTIONS = NO;
				ENABLE_STRICT_OBJC_MSGSEND = YES;
				GCC_C_LANGUAGE_STANDARD = gnu11;
				GCC_NO_COMMON_BLOCKS = YES;
				GCC_WARN_64_TO_32_BIT_CONVERSION = YES;
				GCC_WARN_ABOUT_RETURN_TYPE = YES_ERROR;
				GCC_WARN_UNDECLARED_SELECTOR = YES;
				GCC_WARN_UNINITIALIZED_AUTOS = YES_AGGRESSIVE;
				GCC_WARN_UNUSED_FUNCTION = YES;
				GCC_WARN_UNUSED_VARIABLE = YES;
				IPHONEOS_DEPLOYMENT_TARGET = 16.4;
				MTL_ENABLE_DEBUG_INFO = NO;
				MTL_FAST_MATH = YES;
				SDKROOT = iphoneos;
				SWIFT_COMPILATION_MODE = wholemodule;
				SWIFT_OPTIMIZATION_LEVEL = "-O";
				VALIDATE_PRODUCT = YES;
			};
			name = Release;
		};
		8243AAFB2A34DEA200DA8595 /* Debug */ = {
			isa = XCBuildConfiguration;
			baseConfigurationReference = D3B87434BFBDAD6917990392 /* Pods-Spotify.debug.xcconfig */;
			buildSettings = {
				ASSETCATALOG_COMPILER_APPICON_NAME = AppIcon;
				ASSETCATALOG_COMPILER_GLOBAL_ACCENT_COLOR_NAME = AccentColor;
				CODE_SIGN_STYLE = Automatic;
				CURRENT_PROJECT_VERSION = 1;
				GENERATE_INFOPLIST_FILE = YES;
				INFOPLIST_FILE = Spotify/Info.plist;
				INFOPLIST_KEY_UIApplicationSupportsIndirectInputEvents = YES;
				INFOPLIST_KEY_UILaunchStoryboardName = LaunchScreen;
				INFOPLIST_KEY_UISupportedInterfaceOrientations_iPad = "UIInterfaceOrientationPortrait UIInterfaceOrientationPortraitUpsideDown UIInterfaceOrientationLandscapeLeft UIInterfaceOrientationLandscapeRight";
				INFOPLIST_KEY_UISupportedInterfaceOrientations_iPhone = "UIInterfaceOrientationPortrait UIInterfaceOrientationLandscapeLeft UIInterfaceOrientationLandscapeRight";
				LD_RUNPATH_SEARCH_PATHS = (
					"$(inherited)",
					"@executable_path/Frameworks",
				);
				MARKETING_VERSION = 1.0;
				PRODUCT_BUNDLE_IDENTIFIER = oktydeniz.Spotify;
				PRODUCT_NAME = "$(TARGET_NAME)";
				SWIFT_EMIT_LOC_STRINGS = YES;
				SWIFT_VERSION = 5.0;
				TARGETED_DEVICE_FAMILY = "1,2";
			};
			name = Debug;
		};
		8243AAFC2A34DEA200DA8595 /* Release */ = {
			isa = XCBuildConfiguration;
			baseConfigurationReference = A882B72D141121D1799D0067 /* Pods-Spotify.release.xcconfig */;
			buildSettings = {
				ASSETCATALOG_COMPILER_APPICON_NAME = AppIcon;
				ASSETCATALOG_COMPILER_GLOBAL_ACCENT_COLOR_NAME = AccentColor;
				CODE_SIGN_STYLE = Automatic;
				CURRENT_PROJECT_VERSION = 1;
				GENERATE_INFOPLIST_FILE = YES;
				INFOPLIST_FILE = Spotify/Info.plist;
				INFOPLIST_KEY_UIApplicationSupportsIndirectInputEvents = YES;
				INFOPLIST_KEY_UILaunchStoryboardName = LaunchScreen;
				INFOPLIST_KEY_UISupportedInterfaceOrientations_iPad = "UIInterfaceOrientationPortrait UIInterfaceOrientationPortraitUpsideDown UIInterfaceOrientationLandscapeLeft UIInterfaceOrientationLandscapeRight";
				INFOPLIST_KEY_UISupportedInterfaceOrientations_iPhone = "UIInterfaceOrientationPortrait UIInterfaceOrientationLandscapeLeft UIInterfaceOrientationLandscapeRight";
				LD_RUNPATH_SEARCH_PATHS = (
					"$(inherited)",
					"@executable_path/Frameworks",
				);
				MARKETING_VERSION = 1.0;
				PRODUCT_BUNDLE_IDENTIFIER = oktydeniz.Spotify;
				PRODUCT_NAME = "$(TARGET_NAME)";
				SWIFT_EMIT_LOC_STRINGS = YES;
				SWIFT_VERSION = 5.0;
				TARGETED_DEVICE_FAMILY = "1,2";
			};
			name = Release;
		};
/* End XCBuildConfiguration section */

/* Begin XCConfigurationList section */
		8243AAE12A34DE9F00DA8595 /* Build configuration list for PBXProject "Spotify" */ = {
			isa = XCConfigurationList;
			buildConfigurations = (
				8243AAF82A34DEA200DA8595 /* Debug */,
				8243AAF92A34DEA200DA8595 /* Release */,
			);
			defaultConfigurationIsVisible = 0;
			defaultConfigurationName = Release;
		};
		8243AAFA2A34DEA200DA8595 /* Build configuration list for PBXNativeTarget "Spotify" */ = {
			isa = XCConfigurationList;
			buildConfigurations = (
				8243AAFB2A34DEA200DA8595 /* Debug */,
				8243AAFC2A34DEA200DA8595 /* Release */,
			);
			defaultConfigurationIsVisible = 0;
			defaultConfigurationName = Release;
		};
/* End XCConfigurationList section */
	};
	rootObject = 8243AADE2A34DE9F00DA8595 /* Project object */;
}
